<?xml version="1.0" encoding="utf-8"?>
<Project xmlns="http://schemas.microsoft.com/developer/msbuild/2003">
	<PropertyGroup>
		<ProjectGuid>{E81C4F7D-96B1-4A53-BF15-D62A8720C922}</ProjectGuid>
		<MainSource>XlsFilterUnified.dpr</MainSource>
		<ProjectVersion>14.3</ProjectVersion>
		<Base>True</Base>
		<Config Condition="'$(Config)'==''">Release</Config>
		<Platform Condition="'$(Platform)'==''">Win32</Platform>
		<TargetedPlatforms>3</TargetedPlatforms>
		<AppType>Application</AppType>
		<FrameworkType>VCL</FrameworkType>
	</PropertyGroup>
	<PropertyGroup Condition="'$(Config)'=='Base' or '$(Base)'!=''">
		<Base>true</Base>
	</PropertyGroup>
	<PropertyGroup Condition="('$(Platform)'=='Win32' and '$(Base)'=='true') or '$(Base_Win32)'!=''">
		<Base_Win32>true</Base_Win32>
		<CfgParent>Base</CfgParent>
		<Base>true</Base>
	</PropertyGroup>
	<PropertyGroup Condition="('$(Platform)'=='Win64' and '$(Base)'=='true') or '$(Base_Win64)'!=''">
		<Base_Win64>true</Base_Win64>
		<CfgParent>Base</CfgParent>
		<Base>true</Base>
	</PropertyGroup>
	<PropertyGroup Condition="'$(Config)'=='Debug' or '$(Cfg_1)'!=''">
		<Cfg_1>true</Cfg_1>
		<CfgParent>Base</CfgParent>
		<Base>true</Base>
	</PropertyGroup>
	<PropertyGroup Condition="'$(Config)'=='Release' or '$(Cfg_2)'!=''">
		<Cfg_2>true</Cfg_2>
		<CfgParent>Base</CfgParent>
		<Base>true</Base>
	</PropertyGroup>
	<PropertyGroup Condition="'$(Base)'!=''">
		<DCC_Namespace>Vcl;Vcl.Imaging;Vcl.Touch;Vcl.Samples;Vcl.Shell;System;Xml;Data;Datasnap;Web;Soap;Winapi;System.Win;$(DCC_Namespace)</DCC_Namespace>
		<DCC_DcuOutput>.\$(Platform)\$(Config)</DCC_DcuOutput>
		<DCC_ExeOutput>.\$(Platform)\$(Config)</DCC_ExeOutput>
		<VerInfo_IncludeVerInfo>true</VerInfo_IncludeVerInfo>
		<VerInfo_Locale>1049</VerInfo_Locale>
		<VerInfo_Keys>CompanyName=;FileDescription=Единый фильтр уголовных дел ИЦ МВД;FileVersion=3.1.0.0;InternalName=XlsFilter;LegalCopyright=;LegalTrademarks=;OriginalFilename=XlsFilterUnified.exe;ProductName=Единый фильтр ИЦ МВД;ProductVersion=3.1.0.0;Comments=</VerInfo_Keys>
	</PropertyGroup>
	<PropertyGroup Condition="'$(Base_Win32)'!=''">
		<DCC_UsePackage>vcl;vclx;VclSmp;rtl;vclactnband;vclimg;$(DCC_UsePackage)</DCC_UsePackage>
	</PropertyGroup>
	<PropertyGroup Condition="'$(Base_Win64)'!=''">
		<DCC_UsePackage>vcl;vclx;VclSmp;rtl;vclactnband;vclimg;$(DCC_UsePackage)</DCC_UsePackage>
	</PropertyGroup>
	<PropertyGroup Condition="'$(Cfg_1)'!=''">
		<DCC_Define>DEBUG;$(DCC_Define)</DCC_Define>
		<DCC_Optimize>false</DCC_Optimize>
		<DCC_GenerateStackFrames>true</DCC_GenerateStackFrames>
	</PropertyGroup>
	<PropertyGroup Condition="'$(Cfg_2)'!=''">
		<DCC_LocalDebugSymbols>false</DCC_LocalDebugSymbols>
		<DCC_Define>RELEASE;$(DCC_Define)</DCC_Define>
		<DCC_SymbolReferenceInfo>0</DCC_SymbolReferenceInfo>
		<DCC_DebugInformation>false</DCC_DebugInformation>
		<DCC_Optimize>true</DCC_Optimize>
		<DCC_Inlining>auto</DCC_Inlining>
	</PropertyGroup>
	<ItemGroup>
		<DelphiCompile Include="XlsFilterUnified.dpr">
			<MainSource>MainSource</MainSource>
		</DelphiCompile>
		<DCCReference Include="ufmMain.pas">
			<Form>fmMain</Form>
		</DCCReference>
		<DCCReference Include="uDataLoader.pas"/>
		<BuildConfiguration Include="Release">
			<Key>Cfg_2</Key>
			<CfgParent>Base</CfgParent>
		</BuildConfiguration>
		<BuildConfiguration Include="Base">
			<Key>Base</Key>
		</BuildConfiguration>
		<BuildConfiguration Include="Debug">
			<Key>Cfg_1</Key>
			<CfgParent>Base</CfgParent>
		</BuildConfiguration>
	</ItemGroup>
	<ProjectExtensions>
		<Borland.Personality>Delphi.Personality.12</Borland.Personality>
		<Borland.ProjectType/>
		<BorlandProject>
			<Delphi.Personality>
				<Source>
					<Source Name="MainSource">XlsFilterUnified.dpr</Source>
				</Source>
				<VersionInfo>
					<VersionInfo Name="IncludeVerInfo">True</VersionInfo>
					<VersionInfo Name="MajorVer">3</VersionInfo>
					<VersionInfo Name="MinorVer">1</VersionInfo>
					<VersionInfo Name="Release">0</VersionInfo>
					<VersionInfo Name="Build">0</VersionInfo>
					<VersionInfo Name="Locale">1049</VersionInfo>
				</VersionInfo>
			</Delphi.Personality>
			<Platforms>
				<Platform value="Win32">True</Platform>
				<Platform value="Win64">True</Platform>
			</Platforms>
		</BorlandProject>
		<ProjectFileVersion>12</ProjectFileVersion>
	</ProjectExtensions>
	<Import Condition="Exists('$(BDS)\Bin\CodeGear.Delphi.Targets')" Project="$(BDS)\Bin\CodeGear.Delphi.Targets"/>
</Project>
